// !$*UTF8*$!
{
	archiveVersion = 1;
	classes = {
	};
	objectVersion = 50;
	objects = {

/* Begin PBXBuildFile section */
		BC26BDD92078BD7C009F54B4 /* AppDelegate.m in Sources */ = {isa = PBXBuildFile; fileRef = BC26BDD82078BD7C009F54B4 /* AppDelegate.m */; };
		BC26BDDC2078BD7C009F54B4 /* ViewController.m in Sources */ = {isa = PBXBuildFile; fileRef = BC26BDDB2078BD7C009F54B4 /* ViewController.m */; };
		BC26BDDF2078BD7C009F54B4 /* Main.storyboard in Resources */ = {isa = PBXBuildFile; fileRef = BC26BDDD2078BD7C009F54B4 /* Main.storyboard */; };
		BC26BDE12078BD7D009F54B4 /* Assets.xcassets in Resources */ = {isa = PBXBuildFile; fileRef = BC26BDE02078BD7D009F54B4 /* Assets.xcassets */; };
		BC26BDE42078BD7D009F54B4 /* LaunchScreen.storyboard in Resources */ = {isa = PBXBuildFile; fileRef = BC26BDE22078BD7D009F54B4 /* LaunchScreen.storyboard */; };
		BC26BDE72078BD7D009F54B4 /* main.m in Sources */ = {isa = PBXBuildFile; fileRef = BC26BDE62078BD7D009F54B4 /* main.m */; };
/* End PBXBuildFile section */

/* Begin PBXFileReference section */
		BC26BDD42078BD7C009F54B4 /* GLConfig.app */ = {isa = PBXFileReference; explicitFileType = wrapper.application; includeInIndex = 0; path = GLConfig.app; sourceTree = BUILT_PRODUCTS_DIR; };
		BC26BDD72078BD7C009F54B4 /* AppDelegate.h */ = {isa = PBXFileReference; lastKnownFileType = sourcecode.c.h; path = AppDelegate.h; sourceTree = "<group>"; };
		BC26BDD82078BD7C009F54B4 /* AppDelegate.m */ = {isa = PBXFileReference; lastKnownFileType = sourcecode.c.objc; path = AppDelegate.m; sourceTree = "<group>"; };
		BC26BDDA2078BD7C009F54B4 /* ViewController.h */ = {isa = PBXFileReference; lastKnownFileType = sourcecode.c.h; path = ViewController.h; sourceTree = "<group>"; };
		BC26BDDB2078BD7C009F54B4 /* ViewController.m */ = {isa = PBXFileReference; lastKnownFileType = sourcecode.c.objc; path = ViewController.m; sourceTree = "<group>"; };
		BC26BDDE2078BD7C009F54B4 /* Base */ = {isa = PBXFileReference; lastKnownFileType = file.storyboard; name = Base; path = Base.lproj/Main.storyboard; sourceTree = "<group>"; };
		BC26BDE02078BD7D009F54B4 /* Assets.xcassets */ = {isa = PBXFileReference; lastKnownFileType = folder.assetcatalog; path = Assets.xcassets; sourceTree = "<group>"; };
		BC26BDE32078BD7D009F54B4 /* Base */ = {isa = PBXFileReference; lastKnownFileType = file.storyboard; name = Base; path = Base.lproj/LaunchScreen.storyboard; sourceTree = "<group>"; };
		BC26BDE52078BD7D009F54B4 /* Info.plist */ = {isa = PBXFileReference; lastKnownFileType = text.plist.xml; path = Info.plist; sourceTree = "<group>"; };
		BC26BDE62078BD7D009F54B4 /* main.m */ = {isa = PBXFileReference; lastKnownFileType = sourcecode.c.objc; path = main.m; sourceTree = "<group>"; };
		BC26BDEF2078BE14009F54B4 /* GLConfig.h */ = {isa = PBXFileReference; fileEncoding = 4; lastKnownFileType = sourcecode.c.h; path = GLConfig.h; sourceTree = "<group>"; };
/* End PBXFileReference section */

/* Begin PBXFrameworksBuildPhase section */
		BC26BDD12078BD7C009F54B4 /* Frameworks */ = {
			isa = PBXFrameworksBuildPhase;
			buildActionMask = 2147483647;
			files = (
			);
			runOnlyForDeploymentPostprocessing = 0;
		};
/* End PBXFrameworksBuildPhase section */

/* Begin PBXGroup section */
		BC26BDCB2078BD7C009F54B4 = {
			isa = PBXGroup;
			children = (
				BC26BDD62078BD7C009F54B4 /* GLConfig */,
				BC26BDD52078BD7C009F54B4 /* Products */,
			);
			sourceTree = "<group>";
		};
		BC26BDD52078BD7C009F54B4 /* Products */ = {
			isa = PBXGroup;
			children = (
				BC26BDD42078BD7C009F54B4 /* GLConfig.app */,
			);
			name = Products;
			sourceTree = "<group>";
		};
		BC26BDD62078BD7C009F54B4 /* GLConfig */ = {
			isa = PBXGroup;
			children = (
				BC26BDD72078BD7C009F54B4 /* AppDelegate.h */,
				BC26BDD82078BD7C009F54B4 /* AppDelegate.m */,
				BC26BDDA2078BD7C009F54B4 /* ViewController.h */,
				BC26BDDB2078BD7C009F54B4 /* ViewController.m */,
				BC26BDF02079B39F009F54B4 /* GLConfig */,
				BC26BDDD2078BD7C009F54B4 /* Main.storyboard */,
				BC26BDE02078BD7D009F54B4 /* Assets.xcassets */,
				BC26BDE22078BD7D009F54B4 /* LaunchScreen.storyboard */,
				BC26BDE52078BD7D009F54B4 /* Info.plist */,
				BC26BDE62078BD7D009F54B4 /* main.m */,
			);
			path = GLConfig;
			sourceTree = "<group>";
		};
		BC26BDF02079B39F009F54B4 /* GLConfig */ = {
			isa = PBXGroup;
			children = (
				BC26BDEF2078BE14009F54B4 /* GLConfig.h */,
			);
			path = GLConfig;
			sourceTree = "<group>";
		};
/* End PBXGroup section */

/* Begin PBXNativeTarget section */
		BC26BDD32078BD7C009F54B4 /* GLConfig */ = {
			isa = PBXNativeTarget;
			buildConfigurationList = BC26BDEA2078BD7D009F54B4 /* Build configuration list for PBXNativeTarget "GLConfig" */;
			buildPhases = (
				BC26BDD02078BD7C009F54B4 /* Sources */,
				BC26BDD12078BD7C009F54B4 /* Frameworks */,
				BC26BDD22078BD7C009F54B4 /* Resources */,
			);
			buildRules = (
			);
			dependencies = (
			);
			name = GLConfig;
			productName = GLConfig;
			productReference = BC26BDD42078BD7C009F54B4 /* GLConfig.app */;
			productType = "com.apple.product-type.application";
		};
/* End PBXNativeTarget section */

/* Begin PBXProject section */
		BC26BDCC2078BD7C009F54B4 /* Project object */ = {
			isa = PBXProject;
			attributes = {
				LastUpgradeCheck = 0930;
				ORGANIZATIONNAME = "『国』 🇨🇳";
				TargetAttributes = {
					BC26BDD32078BD7C009F54B4 = {
						CreatedOnToolsVersion = 9.3;
					};
				};
			};
			buildConfigurationList = BC26BDCF2078BD7C009F54B4 /* Build configuration list for PBXProject "GLConfig" */;
			compatibilityVersion = "Xcode 9.3";
			developmentRegion = en;
			hasScannedForEncodings = 0;
			knownRegions = (
				en,
				Base,
			);
			mainGroup = BC26BDCB2078BD7C009F54B4;
			productRefGroup = BC26BDD52078BD7C009F54B4 /* Products */;
			projectDirPath = "";
			projectRoot = "";
			targets = (
				BC26BDD32078BD7C009F54B4 /* GLConfig */,
			);
		};
/* End PBXProject section */

/* Begin PBXResourcesBuildPhase section */
		BC26BDD22078BD7C009F54B4 /* Resources */ = {
			isa = PBXResourcesBuildPhase;
			buildActionMask = 2147483647;
			files = (
				BC26BDE42078BD7D009F54B4 /* LaunchScreen.storyboard in Resources */,
				BC26BDE12078BD7D009F54B4 /* Assets.xcassets in Resources */,
				BC26BDDF2078BD7C009F54B4 /* Main.storyboard in Resources */,
			);
			runOnlyForDeploymentPostprocessing = 0;
		};
/* End PBXResourcesBuildPhase section */

/* Begin PBXSourcesBuildPhase section */
		BC26BDD02078BD7C009F54B4 /* Sources */ = {
			isa = PBXSourcesBuildPhase;
			buildActionMask = 2147483647;
			files = (
				BC26BDDC2078BD7C009F54B4 /* ViewController.m in Sources */,
				BC26BDE72078BD7D009F54B4 /* main.m in Sources */,
				BC26BDD92078BD7C009F54B4 /* AppDelegate.m in Sources */,
			);
			runOnlyForDeploymentPostprocessing = 0;
		};
/* End PBXSourcesBuildPhase section */

/* Begin PBXVariantGroup section */
		BC26BDDD2078BD7C009F54B4 /* Main.storyboard */ = {
			isa = PBXVariantGroup;
			children = (
				BC26BDDE2078BD7C009F54B4 /* Base */,
			);
			name = Main.storyboard;
			sourceTree = "<group>";
		};
		BC26BDE22078BD7D009F54B4 /* LaunchScreen.storyboard */ = {
			isa = PBXVariantGroup;
			children = (
				BC26BDE32078BD7D009F54B4 /* Base */,
			);
			name = LaunchScreen.storyboard;
			sourceTree = "<group>";
		};
/* End PBXVariantGroup section */

/* Begin XCBuildConfiguration section */
		BC26BDE82078BD7D009F54B4 /* Debug */ = {
			isa = XCBuildConfiguration;
			buildSettings = {
				ALWAYS_SEARCH_USER_PATHS = NO;
				CLANG_ANALYZER_NONNULL = YES;
				CLANG_ANALYZER_NUMBER_OBJECT_CONVERSION = YES_AGGRESSIVE;
				CLANG_CXX_LANGUAGE_STANDARD = "gnu++14";
				CLANG_CXX_LIBRARY = "libc++";
				CLANG_ENABLE_MODULES = YES;
				CLANG_ENABLE_OBJC_ARC = YES;
				CLANG_ENABLE_OBJC_WEAK = YES;
				CLANG_WARN_BLOCK_CAPTURE_AUTORELEASING = YES;
				CLANG_WARN_BOOL_CONVERSION = YES;
				CLANG_WARN_COMMA = YES;
				CLANG_WARN_CONSTANT_CONVERSION = YES;
				CLANG_WARN_DEPRECATED_OBJC_IMPLEMENTATIONS = YES;
				CLANG_WARN_DIRECT_OBJC_ISA_USAGE = YES_ERROR;
				CLANG_WARN_DOCUMENTATION_COMMENTS = YES;
				CLANG_WARN_EMPTY_BODY = YES;
				CLANG_WARN_ENUM_CONVERSION = YES;
				CLANG_WARN_INFINITE_RECURSION = YES;
				CLANG_WARN_INT_CONVERSION = YES;
				CLANG_WARN_NON_LITERAL_NULL_CONVERSION = YES;
				CLANG_WARN_OBJC_IMPLICIT_RETAIN_SELF = YES;
				CLANG_WARN_OBJC_LITERAL_CONVERSION = YES;
				CLANG_WARN_OBJC_ROOT_CLASS = YES_ERROR;
				CLANG_WARN_RANGE_LOOP_ANALYSIS = YES;
				CLANG_WARN_STRICT_PROTOTYPES = YES;
				CLANG_WARN_SUSPICIOUS_MOVE = YES;
				CLANG_WARN_UNGUARDED_AVAILABILITY = YES_AGGRESSIVE;
				CLANG_WARN_UNREACHABLE_CODE = YES;
				CLANG_WARN__DUPLICATE_METHOD_MATCH = YES;
				CODE_SIGN_IDENTITY = "iPhone Developer";
				COPY_PHASE_STRIP = NO;
				DEBUG_INFORMATION_FORMAT = dwarf;
				ENABLE_STRICT_OBJC_MSGSEND = YES;
				ENABLE_TESTABILITY = YES;
				GCC_C_LANGUAGE_STANDARD = gnu11;
				GCC_DYNAMIC_NO_PIC = NO;
				GCC_NO_COMMON_BLOCKS = YES;
				GCC_OPTIMIZATION_LEVEL = 0;
				GCC_PREPROCESSOR_DEFINITIONS = (
					"DEBUG=1",
					"$(inherited)",
				);
				GCC_WARN_64_TO_32_BIT_CONVERSION = YES;
				GCC_WARN_ABOUT_RETURN_TYPE = YES_ERROR;
				GCC_WARN_UNDECLARED_SELECTOR = YES;
				GCC_WARN_UNINITIALIZED_AUTOS = YES_AGGRESSIVE;
				GCC_WARN_UNUSED_FUNCTION = YES;
				GCC_WARN_UNUSED_VARIABLE = YES;
				IPHONEOS_DEPLOYMENT_TARGET = 11.3;
				MTL_ENABLE_DEBUG_INFO = YES;
				ONLY_ACTIVE_ARCH = YES;
				SDKROOT = iphoneos;
			};
			name = Debug;
		};
		BC26BDE92078BD7D009F54B4 /* Release */ = {
			isa = XCBuildConfiguration;
			buildSettings = {
				ALWAYS_SEARCH_USER_PATHS = NO;
				CLANG_ANALYZER_NONNULL = YES;
				CLANG_ANALYZER_NUMBER_OBJECT_CONVERSION = YES_AGGRESSIVE;
				CLANG_CXX_LANGUAGE_STANDARD = "gnu++14";
				CLANG_CXX_LIBRARY = "libc++";
				CLANG_ENABLE_MODULES = YES;
				CLANG_ENABLE_OBJC_ARC = YES;
				CLANG_ENABLE_OBJC_WEAK = YES;
				CLANG_WARN_BLOCK_CAPTURE_AUTORELEASING = YES;
				CLANG_WARN_BOOL_CONVERSION = YES;
				CLANG_WARN_COMMA = YES;
				CLANG_WARN_CONSTANT_CONVERSION = YES;
				CLANG_WARN_DEPRECATED_OBJC_IMPLEMENTATIONS = YES;
				CLANG_WARN_DIRECT_OBJC_ISA_USAGE = YES_ERROR;
				CLANG_WARN_DOCUMENTATION_COMMENTS = YES;
				CLANG_WARN_EMPTY_BODY = YES;
				CLANG_WARN_ENUM_CONVERSION = YES;
				CLANG_WARN_INFINITE_RECURSION = YES;
				CLANG_WARN_INT_CONVERSION = YES;
				CLANG_WARN_NON_LITERAL_NULL_CONVERSION = YES;
				CLANG_WARN_OBJC_IMPLICIT_RETAIN_SELF = YES;
				CLANG_WARN_OBJC_LITERAL_CONVERSION = YES;
				CLANG_WARN_OBJC_ROOT_CLASS = YES_ERROR;
				CLANG_WARN_RANGE_LOOP_ANALYSIS = YES;
				CLANG_WARN_STRICT_PROTOTYPES = YES;
				CLANG_WARN_SUSPICIOUS_MOVE = YES;
				CLANG_WARN_UNGUARDED_AVAILABILITY = YES_AGGRESSIVE;
				CLANG_WARN_UNREACHABLE_CODE = YES;
				CLANG_WARN__DUPLICATE_METHOD_MATCH = YES;
				CODE_SIGN_IDENTITY = "iPhone Developer";
				COPY_PHASE_STRIP = NO;
				DEBUG_INFORMATION_FORMAT = "dwarf-with-dsym";
				ENABLE_NS_ASSERTIONS = NO;
				ENABLE_STRICT_OBJC_MSGSEND = YES;
				GCC_C_LANGUAGE_STANDARD = gnu11;
				GCC_NO_COMMON_BLOCKS = YES;
				GCC_WARN_64_TO_32_BIT_CONVERSION = YES;
				GCC_WARN_ABOUT_RETURN_TYPE = YES_ERROR;
				GCC_WARN_UNDECLARED_SELECTOR = YES;
				GCC_WARN_UNINITIALIZED_AUTOS = YES_AGGRESSIVE;
				GCC_WARN_UNUSED_FUNCTION = YES;
				GCC_WARN_UNUSED_VARIABLE = YES;
				IPHONEOS_DEPLOYMENT_TARGET = 11.3;
				MTL_ENABLE_DEBUG_INFO = NO;
				SDKROOT = iphoneos;
				VALIDATE_PRODUCT = YES;
			};
			name = Release;
		};
		BC26BDEB2078BD7D009F54B4 /* Debug */ = {
			isa = XCBuildConfiguration;
			buildSettings = {
				ASSETCATALOG_COMPILER_APPICON_NAME = AppIcon;
				CODE_SIGN_STYLE = Automatic;
				DEVELOPMENT_TEAM = 784HSP26U4;
				INFOPLIST_FILE = GLConfig/Info.plist;
				LD_RUNPATH_SEARCH_PATHS = (
					"$(inherited)",
					"@executable_path/Frameworks",
				);
				PRODUCT_BUNDLE_IDENTIFIER = Colyn.GLConfig;
				PRODUCT_NAME = "$(TARGET_NAME)";
				TARGETED_DEVICE_FAMILY = "1,2";
			};
			name = Debug;
		};
		BC26BDEC2078BD7D009F54B4 /* Release */ = {
			isa = XCBuildConfiguration;
			buildSettings = {
				ASSETCATALOG_COMPILER_APPICON_NAME = AppIcon;
				CODE_SIGN_STYLE = Automatic;
				DEVELOPMENT_TEAM = 784HSP26U4;
				INFOPLIST_FILE = GLConfig/Info.plist;
				LD_RUNPATH_SEARCH_PATHS = (
					"$(inherited)",
					"@executable_path/Frameworks",
				);
				PRODUCT_BUNDLE_IDENTIFIER = Colyn.GLConfig;
				PRODUCT_NAME = "$(TARGET_NAME)";
				TARGETED_DEVICE_FAMILY = "1,2";
			};
			name = Release;
		};
/* End XCBuildConfiguration section */

/* Begin XCConfigurationList section */
		BC26BDCF2078BD7C009F54B4 /* Build configuration list for PBXProject "GLConfig" */ = {
			isa = XCConfigurationList;
			buildConfigurations = (
				BC26BDE82078BD7D009F54B4 /* Debug */,
				BC26BDE92078BD7D009F54B4 /* Release */,
			);
			defaultConfigurationIsVisible = 0;
			defaultConfigurationName = Release;
		};
		BC26BDEA2078BD7D009F54B4 /* Build configuration list for PBXNativeTarget "GLConfig" */ = {
			isa = XCConfigurationList;
			buildConfigurations = (
				BC26BDEB2078BD7D009F54B4 /* Debug */,
				BC26BDEC2078BD7D009F54B4 /* Release */,
			);
			defaultConfigurationIsVisible = 0;
			defaultConfigurationName = Release;
		};
/* End XCConfigurationList section */
	};
	rootObject = BC26BDCC2078BD7C009F54B4 /* Project object */;
}
